
Microsoft Visual Studio Solution File, Format Version 12.00
# Visual Studio Version 16
VisualStudioVersion = 16.0.31424.327
MinimumVisualStudioVersion = 10.0.40219.1
Project("{FAE04EC0-301F-11D3-BF4B-00C04F79EFBC}") = "ProyectoFinalV1.Android", "ProyectoFinalV1.Android\ProyectoFinalV1.Android.csproj", "{2DB04572-25F7-4388-B967-45835FF7B6F2}"
EndProject
Project("{FAE04EC0-301F-11D3-BF4B-00C04F79EFBC}") = "ProyectoFinalV1.iOS", "ProyectoFinalV1.iOS\ProyectoFinalV1.iOS.csproj", "{AFCCFF1B-6E42-41B8-AB5C-89517DFC4A24}"
EndProject
Project("{FAE04EC0-301F-11D3-BF4B-00C04F79EFBC}") = "ProyectoFinalV1", "ProyectoFinalV1\ProyectoFinalV1.csproj", "{569D5EA0-508E-4FC5-A64D-A3453927E41A}"
EndProject
Global
	GlobalSection(SolutionConfigurationPlatforms) = preSolution
		Debug|Any CPU = Debug|Any CPU
		Debug|iPhone = Debug|iPhone
		Debug|iPhoneSimulator = Debug|iPhoneSimulator
		Release|Any CPU = Release|Any CPU
		Release|iPhone = Release|iPhone
		Release|iPhoneSimulator = Release|iPhoneSimulator
	EndGlobalSection
	GlobalSection(ProjectConfigurationPlatforms) = postSolution
		{2DB04572-25F7-4388-B967-45835FF7B6F2}.Debug|Any CPU.ActiveCfg = Debug|Any CPU
		{2DB04572-25F7-4388-B967-45835FF7B6F2}.Debug|Any CPU.Build.0 = Debug|Any CPU
		{2DB04572-25F7-4388-B967-45835FF7B6F2}.Debug|Any CPU.Deploy.0 = Debug|Any CPU
		{2DB04572-25F7-4388-B967-45835FF7B6F2}.Debug|iPhone.ActiveCfg = Debug|Any CPU
		{2DB04572-25F7-4388-B967-45835FF7B6F2}.Debug|iPhone.Build.0 = Debug|Any CPU
		{2DB04572-25F7-4388-B967-45835FF7B6F2}.Debug|iPhone.Deploy.0 = Debug|Any CPU
		{2DB04572-25F7-4388-B967-45835FF7B6F2}.Debug|iPhoneSimulator.ActiveCfg = Debug|Any CPU
		{2DB04572-25F7-4388-B967-45835FF7B6F2}.Debug|iPhoneSimulator.Build.0 = Debug|Any CPU
		{2DB04572-25F7-4388-B967-45835FF7B6F2}.Debug|iPhoneSimulator.Deploy.0 = Debug|Any CPU
		{2DB04572-25F7-4388-B967-45835FF7B6F2}.Release|Any CPU.ActiveCfg = Release|Any CPU
		{2DB04572-25F7-4388-B967-45835FF7B6F2}.Release|Any CPU.Build.0 = Release|Any CPU
		{2DB04572-25F7-4388-B967-45835FF7B6F2}.Release|Any CPU.Deploy.0 = Release|Any CPU
		{2DB04572-25F7-4388-B967-45835FF7B6F2}.Release|iPhone.ActiveCfg = Release|Any CPU
		{2DB04572-25F7-4388-B967-45835FF7B6F2}.Release|iPhone.Build.0 = Release|Any CPU
		{2DB04572-25F7-4388-B967-45835FF7B6F2}.Release|iPhone.Deploy.0 = Release|Any CPU
		{2DB04572-25F7-4388-B967-45835FF7B6F2}.Release|iPhoneSimulator.ActiveCfg = Release|Any CPU
		{2DB04572-25F7-4388-B967-45835FF7B6F2}.Release|iPhoneSimulator.Build.0 = Release|Any CPU
		{2DB04572-25F7-4388-B967-45835FF7B6F2}.Release|iPhoneSimulator.Deploy.0 = Release|Any CPU
		{AFCCFF1B-6E42-41B8-AB5C-89517DFC4A24}.Debug|Any CPU.ActiveCfg = Debug|iPhone
		{AFCCFF1B-6E42-41B8-AB5C-89517DFC4A24}.Debug|Any CPU.Build.0 = Debug|iPhone
		{AFCCFF1B-6E42-41B8-AB5C-89517DFC4A24}.Debug|Any CPU.Deploy.0 = Debug|iPhone
		{AFCCFF1B-6E42-41B8-AB5C-89517DFC4A24}.Debug|iPhone.ActiveCfg = Debug|iPhone
		{AFCCFF1B-6E42-41B8-AB5C-89517DFC4A24}.Debug|iPhone.Build.0 = Debug|iPhone
		{AFCCFF1B-6E42-41B8-AB5C-89517DFC4A24}.Debug|iPhone.Deploy.0 = Debug|iPhone
		{AFCCFF1B-6E42-41B8-AB5C-89517DFC4A24}.Debug|iPhoneSimulator.ActiveCfg = Debug|iPhoneSimulator
		{AFCCFF1B-6E42-41B8-AB5C-89517DFC4A24}.Debug|iPhoneSimulator.Build.0 = Debug|iPhoneSimulator
		{AFCCFF1B-6E42-41B8-AB5C-89517DFC4A24}.Debug|iPhoneSimulator.Deploy.0 = Debug|iPhoneSimulator
		{AFCCFF1B-6E42-41B8-AB5C-89517DFC4A24}.Release|Any CPU.ActiveCfg = Release|iPhoneSimulator
		{AFCCFF1B-6E42-41B8-AB5C-89517DFC4A24}.Release|Any CPU.Build.0 = Release|iPhoneSimulator
		{AFCCFF1B-6E42-41B8-AB5C-89517DFC4A24}.Release|Any CPU.Deploy.0 = Release|iPhoneSimulator
		{AFCCFF1B-6E42-41B8-AB5C-89517DFC4A24}.Release|iPhone.ActiveCfg = Release|iPhone
		{AFCCFF1B-6E42-41B8-AB5C-89517DFC4A24}.Release|iPhone.Build.0 = Release|iPhone
		{AFCCFF1B-6E42-41B8-AB5C-89517DFC4A24}.Release|iPhone.Deploy.0 = Release|iPhone
		{AFCCFF1B-6E42-41B8-AB5C-89517DFC4A24}.Release|iPhoneSimulator.ActiveCfg = Release|iPhoneSimulator
		{AFCCFF1B-6E42-41B8-AB5C-89517DFC4A24}.Release|iPhoneSimulator.Build.0 = Release|iPhoneSimulator
		{AFCCFF1B-6E42-41B8-AB5C-89517DFC4A24}.Release|iPhoneSimulator.Deploy.0 = Release|iPhoneSimulator
		{569D5EA0-508E-4FC5-A64D-A3453927E41A}.Debug|Any CPU.ActiveCfg = Debug|Any CPU
		{569D5EA0-508E-4FC5-A64D-A3453927E41A}.Debug|Any CPU.Build.0 = Debug|Any CPU
		{569D5EA0-508E-4FC5-A64D-A3453927E41A}.Debug|Any CPU.Deploy.0 = Debug|Any CPU
		{569D5EA0-508E-4FC5-A64D-A3453927E41A}.Debug|iPhone.ActiveCfg = Debug|Any CPU
		{569D5EA0-508E-4FC5-A64D-A3453927E41A}.Debug|iPhone.Build.0 = Debug|Any CPU
		{569D5EA0-508E-4FC5-A64D-A3453927E41A}.Debug|iPhone.Deploy.0 = Debug|Any CPU
		{569D5EA0-508E-4FC5-A64D-A3453927E41A}.Debug|iPhoneSimulator.ActiveCfg = Debug|Any CPU
		{569D5EA0-508E-4FC5-A64D-A3453927E41A}.Debug|iPhoneSimulator.Build.0 = Debug|Any CPU
		{569D5EA0-508E-4FC5-A64D-A3453927E41A}.Debug|iPhoneSimulator.Deploy.0 = Debug|Any CPU
		{569D5EA0-508E-4FC5-A64D-A3453927E41A}.Release|Any CPU.ActiveCfg = Release|Any CPU
		{569D5EA0-508E-4FC5-A64D-A3453927E41A}.Release|Any CPU.Build.0 = Release|Any CPU
		{569D5EA0-508E-4FC5-A64D-A3453927E41A}.Release|Any CPU.Deploy.0 = Release|Any CPU
		{569D5EA0-508E-4FC5-A64D-A3453927E41A}.Release|iPhone.ActiveCfg = Release|Any CPU
		{569D5EA0-508E-4FC5-A64D-A3453927E41A}.Release|iPhone.Build.0 = Release|Any CPU
		{569D5EA0-508E-4FC5-A64D-A3453927E41A}.Release|iPhone.Deploy.0 = Release|Any CPU
		{569D5EA0-508E-4FC5-A64D-A3453927E41A}.Release|iPhoneSimulator.ActiveCfg = Release|Any CPU
		{569D5EA0-508E-4FC5-A64D-A3453927E41A}.Release|iPhoneSimulator.Build.0 = Release|Any CPU
		{569D5EA0-508E-4FC5-A64D-A3453927E41A}.Release|iPhoneSimulator.Deploy.0 = Release|Any CPU
	EndGlobalSection
	GlobalSection(SolutionProperties) = preSolution
		HideSolutionNode = FALSE
	EndGlobalSection
	GlobalSection(ExtensibilityGlobals) = postSolution
		SolutionGuid = {6BC70E18-760F-4DE3-999A-6C5800B1D1B5}
	EndGlobalSection
EndGlobal
